// !$*UTF8*$!
{
	archiveVersion = 1;
	classes = {
	};
	objectVersion = 55;
	objects = {

/* Begin PBXBuildFile section */
		369D2AB12846B03100DA7C37 /* AppDelegate.swift in Sources */ = {isa = PBXBuildFile; fileRef = 369D2AB02846B03100DA7C37 /* AppDelegate.swift */; };
		369D2AB32846B03100DA7C37 /* SceneDelegate.swift in Sources */ = {isa = PBXBuildFile; fileRef = 369D2AB22846B03100DA7C37 /* SceneDelegate.swift */; };
		369D2AB82846B03100DA7C37 /* Main.storyboard in Resources */ = {isa = PBXBuildFile; fileRef = 369D2AB62846B03100DA7C37 /* Main.storyboard */; };
		369D2ABA2846B03300DA7C37 /* Assets.xcassets in Resources */ = {isa = PBXBuildFile; fileRef = 369D2AB92846B03300DA7C37 /* Assets.xcassets */; };
		369D2ABD2846B03300DA7C37 /* LaunchScreen.storyboard in Resources */ = {isa = PBXBuildFile; fileRef = 369D2ABB2846B03300DA7C37 /* LaunchScreen.storyboard */; };
		369D2AC82846B03300DA7C37 /* TacoPOPTests.swift in Sources */ = {isa = PBXBuildFile; fileRef = 369D2AC72846B03300DA7C37 /* TacoPOPTests.swift */; };
		369D2AD22846B03300DA7C37 /* TacoPOPUITests.swift in Sources */ = {isa = PBXBuildFile; fileRef = 369D2AD12846B03300DA7C37 /* TacoPOPUITests.swift */; };
		369D2AD42846B03300DA7C37 /* TacoPOPUITestsLaunchTests.swift in Sources */ = {isa = PBXBuildFile; fileRef = 369D2AD32846B03300DA7C37 /* TacoPOPUITestsLaunchTests.swift */; };
		369D2AE72846B1A000DA7C37 /* MainVC.swift in Sources */ = {isa = PBXBuildFile; fileRef = 369D2AE62846B1A000DA7C37 /* MainVC.swift */; };
		369D2B252846C39700DA7C37 /* DropShadow.swift in Sources */ = {isa = PBXBuildFile; fileRef = 369D2B242846C39700DA7C37 /* DropShadow.swift */; };
		369D2B272846C94100DA7C37 /* Taco.swift in Sources */ = {isa = PBXBuildFile; fileRef = 369D2B262846C94100DA7C37 /* Taco.swift */; };
		369D2B292846D9F200DA7C37 /* DataService.swift in Sources */ = {isa = PBXBuildFile; fileRef = 369D2B282846D9F200DA7C37 /* DataService.swift */; };
		369D2B2C2846DF5C00DA7C37 /* TacoCell.swift in Sources */ = {isa = PBXBuildFile; fileRef = 369D2B2A2846DF5C00DA7C37 /* TacoCell.swift */; };
		369D2B2D2846DF5C00DA7C37 /* TacoCell.xib in Resources */ = {isa = PBXBuildFile; fileRef = 369D2B2B2846DF5C00DA7C37 /* TacoCell.xib */; };
		369D2B2F284B9FC000DA7C37 /* ReusableView.swift in Sources */ = {isa = PBXBuildFile; fileRef = 369D2B2E284B9FC000DA7C37 /* ReusableView.swift */; };
		369D2B31284BB6EC00DA7C37 /* NibLoadableView.swift in Sources */ = {isa = PBXBuildFile; fileRef = 369D2B30284BB6EC00DA7C37 /* NibLoadableView.swift */; };
		369D2B33284BB93600DA7C37 /* UICollectionView+Ext.swift in Sources */ = {isa = PBXBuildFile; fileRef = 369D2B32284BB93600DA7C37 /* UICollectionView+Ext.swift */; };
		369D2B35284FC51C00DA7C37 /* MutableCollection+Ext.swift in Sources */ = {isa = PBXBuildFile; fileRef = 369D2B34284FC51C00DA7C37 /* MutableCollection+Ext.swift */; };
		369D2B3728525C6B00DA7C37 /* Shakeable.swift in Sources */ = {isa = PBXBuildFile; fileRef = 369D2B3628525C6B00DA7C37 /* Shakeable.swift */; };
/* End PBXBuildFile section */

/* Begin PBXContainerItemProxy section */
		369D2AC42846B03300DA7C37 /* PBXContainerItemProxy */ = {
			isa = PBXContainerItemProxy;
			containerPortal = 369D2AA52846B03100DA7C37 /* Project object */;
			proxyType = 1;
			remoteGlobalIDString = 369D2AAC2846B03100DA7C37;
			remoteInfo = TacoPOP;
		};
		369D2ACE2846B03300DA7C37 /* PBXContainerItemProxy */ = {
			isa = PBXContainerItemProxy;
			containerPortal = 369D2AA52846B03100DA7C37 /* Project object */;
			proxyType = 1;
			remoteGlobalIDString = 369D2AAC2846B03100DA7C37;
			remoteInfo = TacoPOP;
		};
/* End PBXContainerItemProxy section */

/* Begin PBXFileReference section */
		369D2AAD2846B03100DA7C37 /* TacoPOP.app */ = {isa = PBXFileReference; explicitFileType = wrapper.application; includeInIndex = 0; path = TacoPOP.app; sourceTree = BUILT_PRODUCTS_DIR; };
		369D2AB02846B03100DA7C37 /* AppDelegate.swift */ = {isa = PBXFileReference; lastKnownFileType = sourcecode.swift; path = AppDelegate.swift; sourceTree = "<group>"; };
		369D2AB22846B03100DA7C37 /* SceneDelegate.swift */ = {isa = PBXFileReference; lastKnownFileType = sourcecode.swift; path = SceneDelegate.swift; sourceTree = "<group>"; };
		369D2AB72846B03100DA7C37 /* Base */ = {isa = PBXFileReference; lastKnownFileType = file.storyboard; name = Base; path = Base.lproj/Main.storyboard; sourceTree = "<group>"; };
		369D2AB92846B03300DA7C37 /* Assets.xcassets */ = {isa = PBXFileReference; lastKnownFileType = folder.assetcatalog; path = Assets.xcassets; sourceTree = "<group>"; };
		369D2ABC2846B03300DA7C37 /* Base */ = {isa = PBXFileReference; lastKnownFileType = file.storyboard; name = Base; path = Base.lproj/LaunchScreen.storyboard; sourceTree = "<group>"; };
		369D2ABE2846B03300DA7C37 /* Info.plist */ = {isa = PBXFileReference; lastKnownFileType = text.plist.xml; path = Info.plist; sourceTree = "<group>"; };
		369D2AC32846B03300DA7C37 /* TacoPOPTests.xctest */ = {isa = PBXFileReference; explicitFileType = wrapper.cfbundle; includeInIndex = 0; path = TacoPOPTests.xctest; sourceTree = BUILT_PRODUCTS_DIR; };
		369D2AC72846B03300DA7C37 /* TacoPOPTests.swift */ = {isa = PBXFileReference; lastKnownFileType = sourcecode.swift; path = TacoPOPTests.swift; sourceTree = "<group>"; };
		369D2ACD2846B03300DA7C37 /* TacoPOPUITests.xctest */ = {isa = PBXFileReference; explicitFileType = wrapper.cfbundle; includeInIndex = 0; path = TacoPOPUITests.xctest; sourceTree = BUILT_PRODUCTS_DIR; };
		369D2AD12846B03300DA7C37 /* TacoPOPUITests.swift */ = {isa = PBXFileReference; lastKnownFileType = sourcecode.swift; path = TacoPOPUITests.swift; sourceTree = "<group>"; };
		369D2AD32846B03300DA7C37 /* TacoPOPUITestsLaunchTests.swift */ = {isa = PBXFileReference; lastKnownFileType = sourcecode.swift; path = TacoPOPUITestsLaunchTests.swift; sourceTree = "<group>"; };
		369D2AE62846B1A000DA7C37 /* MainVC.swift */ = {isa = PBXFileReference; lastKnownFileType = sourcecode.swift; path = MainVC.swift; sourceTree = "<group>"; };
		369D2B242846C39700DA7C37 /* DropShadow.swift */ = {isa = PBXFileReference; lastKnownFileType = sourcecode.swift; path = DropShadow.swift; sourceTree = "<group>"; };
		369D2B262846C94100DA7C37 /* Taco.swift */ = {isa = PBXFileReference; lastKnownFileType = sourcecode.swift; path = Taco.swift; sourceTree = "<group>"; };
		369D2B282846D9F200DA7C37 /* DataService.swift */ = {isa = PBXFileReference; lastKnownFileType = sourcecode.swift; path = DataService.swift; sourceTree = "<group>"; };
		369D2B2A2846DF5C00DA7C37 /* TacoCell.swift */ = {isa = PBXFileReference; lastKnownFileType = sourcecode.swift; path = TacoCell.swift; sourceTree = "<group>"; };
		369D2B2B2846DF5C00DA7C37 /* TacoCell.xib */ = {isa = PBXFileReference; lastKnownFileType = file.xib; path = TacoCell.xib; sourceTree = "<group>"; };
		369D2B2E284B9FC000DA7C37 /* ReusableView.swift */ = {isa = PBXFileReference; lastKnownFileType = sourcecode.swift; path = ReusableView.swift; sourceTree = "<group>"; };
		369D2B30284BB6EC00DA7C37 /* NibLoadableView.swift */ = {isa = PBXFileReference; lastKnownFileType = sourcecode.swift; path = NibLoadableView.swift; sourceTree = "<group>"; };
		369D2B32284BB93600DA7C37 /* UICollectionView+Ext.swift */ = {isa = PBXFileReference; lastKnownFileType = sourcecode.swift; path = "UICollectionView+Ext.swift"; sourceTree = "<group>"; };
		369D2B34284FC51C00DA7C37 /* MutableCollection+Ext.swift */ = {isa = PBXFileReference; lastKnownFileType = sourcecode.swift; path = "MutableCollection+Ext.swift"; sourceTree = "<group>"; };
		369D2B3628525C6B00DA7C37 /* Shakeable.swift */ = {isa = PBXFileReference; lastKnownFileType = sourcecode.swift; path = Shakeable.swift; sourceTree = "<group>"; };
/* End PBXFileReference section */

/* Begin PBXFrameworksBuildPhase section */
		369D2AAA2846B03100DA7C37 /* Frameworks */ = {
			isa = PBXFrameworksBuildPhase;
			buildActionMask = 2147483647;
			files = (
			);
			runOnlyForDeploymentPostprocessing = 0;
		};
		369D2AC02846B03300DA7C37 /* Frameworks */ = {
			isa = PBXFrameworksBuildPhase;
			buildActionMask = 2147483647;
			files = (
			);
			runOnlyForDeploymentPostprocessing = 0;
		};
		369D2ACA2846B03300DA7C37 /* Frameworks */ = {
			isa = PBXFrameworksBuildPhase;
			buildActionMask = 2147483647;
			files = (
			);
			runOnlyForDeploymentPostprocessing = 0;
		};
/* End PBXFrameworksBuildPhase section */

/* Begin PBXGroup section */
		369D2AA42846B03100DA7C37 = {
			isa = PBXGroup;
			children = (
				369D2AAF2846B03100DA7C37 /* TacoPOP */,
				369D2AC62846B03300DA7C37 /* TacoPOPTests */,
				369D2AD02846B03300DA7C37 /* TacoPOPUITests */,
				369D2AAE2846B03100DA7C37 /* Products */,
			);
			sourceTree = "<group>";
		};
		369D2AAE2846B03100DA7C37 /* Products */ = {
			isa = PBXGroup;
			children = (
				369D2AAD2846B03100DA7C37 /* TacoPOP.app */,
				369D2AC32846B03300DA7C37 /* TacoPOPTests.xctest */,
				369D2ACD2846B03300DA7C37 /* TacoPOPUITests.xctest */,
			);
			name = Products;
			sourceTree = "<group>";
		};
		369D2AAF2846B03100DA7C37 /* TacoPOP */ = {
			isa = PBXGroup;
			children = (
				369D2AE52846B12400DA7C37 /* Extensions */,
				369D2AE42846B11B00DA7C37 /* Protocols */,
				369D2AE22846B0FC00DA7C37 /* Model */,
				369D2AE12846B0F200DA7C37 /* View */,
				369D2AE02846B0E100DA7C37 /* Controller */,
				369D2AE32846B10B00DA7C37 /* Resources */,
				369D2AB22846B03100DA7C37 /* SceneDelegate.swift */,
			);
			path = TacoPOP;
			sourceTree = "<group>";
		};
		369D2AC62846B03300DA7C37 /* TacoPOPTests */ = {
			isa = PBXGroup;
			children = (
				369D2AC72846B03300DA7C37 /* TacoPOPTests.swift */,
			);
			path = TacoPOPTests;
			sourceTree = "<group>";
		};
		369D2AD02846B03300DA7C37 /* TacoPOPUITests */ = {
			isa = PBXGroup;
			children = (
				369D2AD12846B03300DA7C37 /* TacoPOPUITests.swift */,
				369D2AD32846B03300DA7C37 /* TacoPOPUITestsLaunchTests.swift */,
			);
			path = TacoPOPUITests;
			sourceTree = "<group>";
		};
		369D2AE02846B0E100DA7C37 /* Controller */ = {
			isa = PBXGroup;
			children = (
				369D2AB02846B03100DA7C37 /* AppDelegate.swift */,
				369D2AE62846B1A000DA7C37 /* MainVC.swift */,
			);
			path = Controller;
			sourceTree = "<group>";
		};
		369D2AE12846B0F200DA7C37 /* View */ = {
			isa = PBXGroup;
			children = (
				369D2AB62846B03100DA7C37 /* Main.storyboard */,
				369D2ABB2846B03300DA7C37 /* LaunchScreen.storyboard */,
				369D2B2A2846DF5C00DA7C37 /* TacoCell.swift */,
				369D2B2B2846DF5C00DA7C37 /* TacoCell.xib */,
			);
			path = View;
			sourceTree = "<group>";
		};
		369D2AE22846B0FC00DA7C37 /* Model */ = {
			isa = PBXGroup;
			children = (
				369D2B262846C94100DA7C37 /* Taco.swift */,
				369D2B282846D9F200DA7C37 /* DataService.swift */,
			);
			path = Model;
			sourceTree = "<group>";
		};
		369D2AE32846B10B00DA7C37 /* Resources */ = {
			isa = PBXGroup;
			children = (
				369D2AB92846B03300DA7C37 /* Assets.xcassets */,
				369D2ABE2846B03300DA7C37 /* Info.plist */,
			);
			path = Resources;
			sourceTree = "<group>";
		};
		369D2AE42846B11B00DA7C37 /* Protocols */ = {
			isa = PBXGroup;
			children = (
				369D2B242846C39700DA7C37 /* DropShadow.swift */,
				369D2B2E284B9FC000DA7C37 /* ReusableView.swift */,
				369D2B30284BB6EC00DA7C37 /* NibLoadableView.swift */,
				369D2B3628525C6B00DA7C37 /* Shakeable.swift */,
			);
			path = Protocols;
			sourceTree = "<group>";
		};
		369D2AE52846B12400DA7C37 /* Extensions */ = {
			isa = PBXGroup;
			children = (
				369D2B32284BB93600DA7C37 /* UICollectionView+Ext.swift */,
				369D2B34284FC51C00DA7C37 /* MutableCollection+Ext.swift */,
			);
			path = Extensions;
			sourceTree = "<group>";
		};
/* End PBXGroup section */

/* Begin PBXNativeTarget section */
		369D2AAC2846B03100DA7C37 /* TacoPOP */ = {
			isa = PBXNativeTarget;
			buildConfigurationList = 369D2AD72846B03300DA7C37 /* Build configuration list for PBXNativeTarget "TacoPOP" */;
			buildPhases = (
				369D2AA92846B03100DA7C37 /* Sources */,
				369D2AAA2846B03100DA7C37 /* Frameworks */,
				369D2AAB2846B03100DA7C37 /* Resources */,
			);
			buildRules = (
			);
			dependencies = (
			);
			name = TacoPOP;
			productName = TacoPOP;
			productReference = 369D2AAD2846B03100DA7C37 /* TacoPOP.app */;
			productType = "com.apple.product-type.application";
		};
		369D2AC22846B03300DA7C37 /* TacoPOPTests */ = {
			isa = PBXNativeTarget;
			buildConfigurationList = 369D2ADA2846B03300DA7C37 /* Build configuration list for PBXNativeTarget "TacoPOPTests" */;
			buildPhases = (
				369D2ABF2846B03300DA7C37 /* Sources */,
				369D2AC02846B03300DA7C37 /* Frameworks */,
				369D2AC12846B03300DA7C37 /* Resources */,
			);
			buildRules = (
			);
			dependencies = (
				369D2AC52846B03300DA7C37 /* PBXTargetDependency */,
			);
			name = TacoPOPTests;
			productName = TacoPOPTests;
			productReference = 369D2AC32846B03300DA7C37 /* TacoPOPTests.xctest */;
			productType = "com.apple.product-type.bundle.unit-test";
		};
		369D2ACC2846B03300DA7C37 /* TacoPOPUITests */ = {
			isa = PBXNativeTarget;
			buildConfigurationList = 369D2ADD2846B03300DA7C37 /* Build configuration list for PBXNativeTarget "TacoPOPUITests" */;
			buildPhases = (
				369D2AC92846B03300DA7C37 /* Sources */,
				369D2ACA2846B03300DA7C37 /* Frameworks */,
				369D2ACB2846B03300DA7C37 /* Resources */,
			);
			buildRules = (
			);
			dependencies = (
				369D2ACF2846B03300DA7C37 /* PBXTargetDependency */,
			);
			name = TacoPOPUITests;
			productName = TacoPOPUITests;
			productReference = 369D2ACD2846B03300DA7C37 /* TacoPOPUITests.xctest */;
			productType = "com.apple.product-type.bundle.ui-testing";
		};
/* End PBXNativeTarget section */

/* Begin PBXProject section */
		369D2AA52846B03100DA7C37 /* Project object */ = {
			isa = PBXProject;
			attributes = {
				BuildIndependentTargetsInParallel = 1;
				LastSwiftUpdateCheck = 1320;
				LastUpgradeCheck = 1320;
				TargetAttributes = {
					369D2AAC2846B03100DA7C37 = {
						CreatedOnToolsVersion = 13.2.1;
					};
					369D2AC22846B03300DA7C37 = {
						CreatedOnToolsVersion = 13.2.1;
						TestTargetID = 369D2AAC2846B03100DA7C37;
					};
					369D2ACC2846B03300DA7C37 = {
						CreatedOnToolsVersion = 13.2.1;
						TestTargetID = 369D2AAC2846B03100DA7C37;
					};
				};
			};
			buildConfigurationList = 369D2AA82846B03100DA7C37 /* Build configuration list for PBXProject "TacoPOP" */;
			compatibilityVersion = "Xcode 13.0";
			developmentRegion = en;
			hasScannedForEncodings = 0;
			knownRegions = (
				en,
				Base,
			);
			mainGroup = 369D2AA42846B03100DA7C37;
			productRefGroup = 369D2AAE2846B03100DA7C37 /* Products */;
			projectDirPath = "";
			projectRoot = "";
			targets = (
				369D2AAC2846B03100DA7C37 /* TacoPOP */,
				369D2AC22846B03300DA7C37 /* TacoPOPTests */,
				369D2ACC2846B03300DA7C37 /* TacoPOPUITests */,
			);
		};
/* End PBXProject section */

/* Begin PBXResourcesBuildPhase section */
		369D2AAB2846B03100DA7C37 /* Resources */ = {
			isa = PBXResourcesBuildPhase;
			buildActionMask = 2147483647;
			files = (
				369D2B2D2846DF5C00DA7C37 /* TacoCell.xib in Resources */,
				369D2ABD2846B03300DA7C37 /* LaunchScreen.storyboard in Resources */,
				369D2ABA2846B03300DA7C37 /* Assets.xcassets in Resources */,
				369D2AB82846B03100DA7C37 /* Main.storyboard in Resources */,
			);
			runOnlyForDeploymentPostprocessing = 0;
		};
		369D2AC12846B03300DA7C37 /* Resources */ = {
			isa = PBXResourcesBuildPhase;
			buildActionMask = 2147483647;
			files = (
			);
			runOnlyForDeploymentPostprocessing = 0;
		};
		369D2ACB2846B03300DA7C37 /* Resources */ = {
			isa = PBXResourcesBuildPhase;
			buildActionMask = 2147483647;
			files = (
			);
			runOnlyForDeploymentPostprocessing = 0;
		};
/* End PBXResourcesBuildPhase section */

/* Begin PBXSourcesBuildPhase section */
		369D2AA92846B03100DA7C37 /* Sources */ = {
			isa = PBXSourcesBuildPhase;
			buildActionMask = 2147483647;
			files = (
				369D2B2C2846DF5C00DA7C37 /* TacoCell.swift in Sources */,
				369D2B35284FC51C00DA7C37 /* MutableCollection+Ext.swift in Sources */,
				369D2AB12846B03100DA7C37 /* AppDelegate.swift in Sources */,
				369D2AE72846B1A000DA7C37 /* MainVC.swift in Sources */,
				369D2B31284BB6EC00DA7C37 /* NibLoadableView.swift in Sources */,
				369D2B33284BB93600DA7C37 /* UICollectionView+Ext.swift in Sources */,
				369D2B2F284B9FC000DA7C37 /* ReusableView.swift in Sources */,
				369D2B252846C39700DA7C37 /* DropShadow.swift in Sources */,
				369D2B292846D9F200DA7C37 /* DataService.swift in Sources */,
				369D2B272846C94100DA7C37 /* Taco.swift in Sources */,
				369D2B3728525C6B00DA7C37 /* Shakeable.swift in Sources */,
				369D2AB32846B03100DA7C37 /* SceneDelegate.swift in Sources */,
			);
			runOnlyForDeploymentPostprocessing = 0;
		};
		369D2ABF2846B03300DA7C37 /* Sources */ = {
			isa = PBXSourcesBuildPhase;
			buildActionMask = 2147483647;
			files = (
				369D2AC82846B03300DA7C37 /* TacoPOPTests.swift in Sources */,
			);
			runOnlyForDeploymentPostprocessing = 0;
		};
		369D2AC92846B03300DA7C37 /* Sources */ = {
			isa = PBXSourcesBuildPhase;
			buildActionMask = 2147483647;
			files = (
				369D2AD22846B03300DA7C37 /* TacoPOPUITests.swift in Sources */,
				369D2AD42846B03300DA7C37 /* TacoPOPUITestsLaunchTests.swift in Sources */,
			);
			runOnlyForDeploymentPostprocessing = 0;
		};
/* End PBXSourcesBuildPhase section */

/* Begin PBXTargetDependency section */
		369D2AC52846B03300DA7C37 /* PBXTargetDependency */ = {
			isa = PBXTargetDependency;
			target = 369D2AAC2846B03100DA7C37 /* TacoPOP */;
			targetProxy = 369D2AC42846B03300DA7C37 /* PBXContainerItemProxy */;
		};
		369D2ACF2846B03300DA7C37 /* PBXTargetDependency */ = {
			isa = PBXTargetDependency;
			target = 369D2AAC2846B03100DA7C37 /* TacoPOP */;
			targetProxy = 369D2ACE2846B03300DA7C37 /* PBXContainerItemProxy */;
		};
/* End PBXTargetDependency section */

/* Begin PBXVariantGroup section */
		369D2AB62846B03100DA7C37 /* Main.storyboard */ = {
			isa = PBXVariantGroup;
			children = (
				369D2AB72846B03100DA7C37 /* Base */,
			);
			name = Main.storyboard;
			sourceTree = "<group>";
		};
		369D2ABB2846B03300DA7C37 /* LaunchScreen.storyboard */ = {
			isa = PBXVariantGroup;
			children = (
				369D2ABC2846B03300DA7C37 /* Base */,
			);
			name = LaunchScreen.storyboard;
			sourceTree = "<group>";
		};
/* End PBXVariantGroup section */

/* Begin XCBuildConfiguration section */
		369D2AD52846B03300DA7C37 /* Debug */ = {
			isa = XCBuildConfiguration;
			buildSettings = {
				ALWAYS_SEARCH_USER_PATHS = NO;
				CLANG_ANALYZER_NONNULL = YES;
				CLANG_ANALYZER_NUMBER_OBJECT_CONVERSION = YES_AGGRESSIVE;
				CLANG_CXX_LANGUAGE_STANDARD = "gnu++17";
				CLANG_CXX_LIBRARY = "libc++";
				CLANG_ENABLE_MODULES = YES;
				CLANG_ENABLE_OBJC_ARC = YES;
				CLANG_ENABLE_OBJC_WEAK = YES;
				CLANG_WARN_BLOCK_CAPTURE_AUTORELEASING = YES;
				CLANG_WARN_BOOL_CONVERSION = YES;
				CLANG_WARN_COMMA = YES;
				CLANG_WARN_CONSTANT_CONVERSION = YES;
				CLANG_WARN_DEPRECATED_OBJC_IMPLEMENTATIONS = YES;
				CLANG_WARN_DIRECT_OBJC_ISA_USAGE = YES_ERROR;
				CLANG_WARN_DOCUMENTATION_COMMENTS = YES;
				CLANG_WARN_EMPTY_BODY = YES;
				CLANG_WARN_ENUM_CONVERSION = YES;
				CLANG_WARN_INFINITE_RECURSION = YES;
				CLANG_WARN_INT_CONVERSION = YES;
				CLANG_WARN_NON_LITERAL_NULL_CONVERSION = YES;
				CLANG_WARN_OBJC_IMPLICIT_RETAIN_SELF = YES;
				CLANG_WARN_OBJC_LITERAL_CONVERSION = YES;
				CLANG_WARN_OBJC_ROOT_CLASS = YES_ERROR;
				CLANG_WARN_QUOTED_INCLUDE_IN_FRAMEWORK_HEADER = YES;
				CLANG_WARN_RANGE_LOOP_ANALYSIS = YES;
				CLANG_WARN_STRICT_PROTOTYPES = YES;
				CLANG_WARN_SUSPICIOUS_MOVE = YES;
				CLANG_WARN_UNGUARDED_AVAILABILITY = YES_AGGRESSIVE;
				CLANG_WARN_UNREACHABLE_CODE = YES;
				CLANG_WARN__DUPLICATE_METHOD_MATCH = YES;
				COPY_PHASE_STRIP = NO;
				DEBUG_INFORMATION_FORMAT = dwarf;
				ENABLE_STRICT_OBJC_MSGSEND = YES;
				ENABLE_TESTABILITY = YES;
				GCC_C_LANGUAGE_STANDARD = gnu11;
				GCC_DYNAMIC_NO_PIC = NO;
				GCC_NO_COMMON_BLOCKS = YES;
				GCC_OPTIMIZATION_LEVEL = 0;
				GCC_PREPROCESSOR_DEFINITIONS = (
					"DEBUG=1",
					"$(inherited)",
				);
				GCC_WARN_64_TO_32_BIT_CONVERSION = YES;
				GCC_WARN_ABOUT_RETURN_TYPE = YES_ERROR;
				GCC_WARN_UNDECLARED_SELECTOR = YES;
				GCC_WARN_UNINITIALIZED_AUTOS = YES_AGGRESSIVE;
				GCC_WARN_UNUSED_FUNCTION = YES;
				GCC_WARN_UNUSED_VARIABLE = YES;
				IPHONEOS_DEPLOYMENT_TARGET = 15.2;
				MTL_ENABLE_DEBUG_INFO = INCLUDE_SOURCE;
				MTL_FAST_MATH = YES;
				ONLY_ACTIVE_ARCH = YES;
				SDKROOT = iphoneos;
				SWIFT_ACTIVE_COMPILATION_CONDITIONS = DEBUG;
				SWIFT_OPTIMIZATION_LEVEL = "-Onone";
			};
			name = Debug;
		};
		369D2AD62846B03300DA7C37 /* Release */ = {
			isa = XCBuildConfiguration;
			buildSettings = {
				ALWAYS_SEARCH_USER_PATHS = NO;
				CLANG_ANALYZER_NONNULL = YES;
				CLANG_ANALYZER_NUMBER_OBJECT_CONVERSION = YES_AGGRESSIVE;
				CLANG_CXX_LANGUAGE_STANDARD = "gnu++17";
				CLANG_CXX_LIBRARY = "libc++";
				CLANG_ENABLE_MODULES = YES;
				CLANG_ENABLE_OBJC_ARC = YES;
				CLANG_ENABLE_OBJC_WEAK = YES;
				CLANG_WARN_BLOCK_CAPTURE_AUTORELEASING = YES;
				CLANG_WARN_BOOL_CONVERSION = YES;
				CLANG_WARN_COMMA = YES;
				CLANG_WARN_CONSTANT_CONVERSION = YES;
				CLANG_WARN_DEPRECATED_OBJC_IMPLEMENTATIONS = YES;
				CLANG_WARN_DIRECT_OBJC_ISA_USAGE = YES_ERROR;
				CLANG_WARN_DOCUMENTATION_COMMENTS = YES;
				CLANG_WARN_EMPTY_BODY = YES;
				CLANG_WARN_ENUM_CONVERSION = YES;
				CLANG_WARN_INFINITE_RECURSION = YES;
				CLANG_WARN_INT_CONVERSION = YES;
				CLANG_WARN_NON_LITERAL_NULL_CONVERSION = YES;
				CLANG_WARN_OBJC_IMPLICIT_RETAIN_SELF = YES;
				CLANG_WARN_OBJC_LITERAL_CONVERSION = YES;
				CLANG_WARN_OBJC_ROOT_CLASS = YES_ERROR;
				CLANG_WARN_QUOTED_INCLUDE_IN_FRAMEWORK_HEADER = YES;
				CLANG_WARN_RANGE_LOOP_ANALYSIS = YES;
				CLANG_WARN_STRICT_PROTOTYPES = YES;
				CLANG_WARN_SUSPICIOUS_MOVE = YES;
				CLANG_WARN_UNGUARDED_AVAILABILITY = YES_AGGRESSIVE;
				CLANG_WARN_UNREACHABLE_CODE = YES;
				CLANG_WARN__DUPLICATE_METHOD_MATCH = YES;
				COPY_PHASE_STRIP = NO;
				DEBUG_INFORMATION_FORMAT = "dwarf-with-dsym";
				ENABLE_NS_ASSERTIONS = NO;
				ENABLE_STRICT_OBJC_MSGSEND = YES;
				GCC_C_LANGUAGE_STANDARD = gnu11;
				GCC_NO_COMMON_BLOCKS = YES;
				GCC_WARN_64_TO_32_BIT_CONVERSION = YES;
				GCC_WARN_ABOUT_RETURN_TYPE = YES_ERROR;
				GCC_WARN_UNDECLARED_SELECTOR = YES;
				GCC_WARN_UNINITIALIZED_AUTOS = YES_AGGRESSIVE;
				GCC_WARN_UNUSED_FUNCTION = YES;
				GCC_WARN_UNUSED_VARIABLE = YES;
				IPHONEOS_DEPLOYMENT_TARGET = 15.2;
				MTL_ENABLE_DEBUG_INFO = NO;
				MTL_FAST_MATH = YES;
				SDKROOT = iphoneos;
				SWIFT_COMPILATION_MODE = wholemodule;
				SWIFT_OPTIMIZATION_LEVEL = "-O";
				VALIDATE_PRODUCT = YES;
			};
			name = Release;
		};
		369D2AD82846B03300DA7C37 /* Debug */ = {
			isa = XCBuildConfiguration;
			buildSettings = {
				ASSETCATALOG_COMPILER_APPICON_NAME = AppIcon;
				ASSETCATALOG_COMPILER_GLOBAL_ACCENT_COLOR_NAME = AccentColor;
				CODE_SIGN_STYLE = Automatic;
				CURRENT_PROJECT_VERSION = 1;
				DEVELOPMENT_TEAM = RWQ3HXY7KM;
				GENERATE_INFOPLIST_FILE = YES;
				INFOPLIST_FILE = TacoPOP/Resources/Info.plist;
				INFOPLIST_KEY_UIApplicationSupportsIndirectInputEvents = YES;
				INFOPLIST_KEY_UILaunchStoryboardName = LaunchScreen;
				INFOPLIST_KEY_UIMainStoryboardFile = Main;
				INFOPLIST_KEY_UISupportedInterfaceOrientations_iPad = "UIInterfaceOrientationPortrait UIInterfaceOrientationPortraitUpsideDown UIInterfaceOrientationLandscapeLeft UIInterfaceOrientationLandscapeRight";
				INFOPLIST_KEY_UISupportedInterfaceOrientations_iPhone = "UIInterfaceOrientationPortrait UIInterfaceOrientationLandscapeLeft UIInterfaceOrientationLandscapeRight";
				LD_RUNPATH_SEARCH_PATHS = (
					"$(inherited)",
					"@executable_path/Frameworks",
				);
				MARKETING_VERSION = 1.0;
				PRODUCT_BUNDLE_IDENTIFIER = co.com.Din.TacoPOP;
				PRODUCT_NAME = "$(TARGET_NAME)";
				SWIFT_EMIT_LOC_STRINGS = YES;
				SWIFT_VERSION = 5.0;
				TARGETED_DEVICE_FAMILY = "1,2";
			};
			name = Debug;
		};
		369D2AD92846B03300DA7C37 /* Release */ = {
			isa = XCBuildConfiguration;
			buildSettings = {
				ASSETCATALOG_COMPILER_APPICON_NAME = AppIcon;
				ASSETCATALOG_COMPILER_GLOBAL_ACCENT_COLOR_NAME = AccentColor;
				CODE_SIGN_STYLE = Automatic;
				CURRENT_PROJECT_VERSION = 1;
				DEVELOPMENT_TEAM = RWQ3HXY7KM;
				GENERATE_INFOPLIST_FILE = YES;
				INFOPLIST_FILE = TacoPOP/Resources/Info.plist;
				INFOPLIST_KEY_UIApplicationSupportsIndirectInputEvents = YES;
				INFOPLIST_KEY_UILaunchStoryboardName = LaunchScreen;
				INFOPLIST_KEY_UIMainStoryboardFile = Main;
				INFOPLIST_KEY_UISupportedInterfaceOrientations_iPad = "UIInterfaceOrientationPortrait UIInterfaceOrientationPortraitUpsideDown UIInterfaceOrientationLandscapeLeft UIInterfaceOrientationLandscapeRight";
				INFOPLIST_KEY_UISupportedInterfaceOrientations_iPhone = "UIInterfaceOrientationPortrait UIInterfaceOrientationLandscapeLeft UIInterfaceOrientationLandscapeRight";
				LD_RUNPATH_SEARCH_PATHS = (
					"$(inherited)",
					"@executable_path/Frameworks",
				);
				MARKETING_VERSION = 1.0;
				PRODUCT_BUNDLE_IDENTIFIER = co.com.Din.TacoPOP;
				PRODUCT_NAME = "$(TARGET_NAME)";
				SWIFT_EMIT_LOC_STRINGS = YES;
				SWIFT_VERSION = 5.0;
				TARGETED_DEVICE_FAMILY = "1,2";
			};
			name = Release;
		};
		369D2ADB2846B03300DA7C37 /* Debug */ = {
			isa = XCBuildConfiguration;
			buildSettings = {
				ALWAYS_EMBED_SWIFT_STANDARD_LIBRARIES = YES;
				BUNDLE_LOADER = "$(TEST_HOST)";
				CODE_SIGN_STYLE = Automatic;
				CURRENT_PROJECT_VERSION = 1;
				DEVELOPMENT_TEAM = RWQ3HXY7KM;
				GENERATE_INFOPLIST_FILE = YES;
				IPHONEOS_DEPLOYMENT_TARGET = 15.2;
				MARKETING_VERSION = 1.0;
				PRODUCT_BUNDLE_IDENTIFIER = co.com.Din.TacoPOPTests;
				PRODUCT_NAME = "$(TARGET_NAME)";
				SWIFT_EMIT_LOC_STRINGS = NO;
				SWIFT_VERSION = 5.0;
				TARGETED_DEVICE_FAMILY = "1,2";
				TEST_HOST = "$(BUILT_PRODUCTS_DIR)/TacoPOP.app/TacoPOP";
			};
			name = Debug;
		};
		369D2ADC2846B03300DA7C37 /* Release */ = {
			isa = XCBuildConfiguration;
			buildSettings = {
				ALWAYS_EMBED_SWIFT_STANDARD_LIBRARIES = YES;
				BUNDLE_LOADER = "$(TEST_HOST)";
				CODE_SIGN_STYLE = Automatic;
				CURRENT_PROJECT_VERSION = 1;
				DEVELOPMENT_TEAM = RWQ3HXY7KM;
				GENERATE_INFOPLIST_FILE = YES;
				IPHONEOS_DEPLOYMENT_TARGET = 15.2;
				MARKETING_VERSION = 1.0;
				PRODUCT_BUNDLE_IDENTIFIER = co.com.Din.TacoPOPTests;
				PRODUCT_NAME = "$(TARGET_NAME)";
				SWIFT_EMIT_LOC_STRINGS = NO;
				SWIFT_VERSION = 5.0;
				TARGETED_DEVICE_FAMILY = "1,2";
				TEST_HOST = "$(BUILT_PRODUCTS_DIR)/TacoPOP.app/TacoPOP";
			};
			name = Release;
		};
		369D2ADE2846B03300DA7C37 /* Debug */ = {
			isa = XCBuildConfiguration;
			buildSettings = {
				ALWAYS_EMBED_SWIFT_STANDARD_LIBRARIES = YES;
				CODE_SIGN_STYLE = Automatic;
				CURRENT_PROJECT_VERSION = 1;
				DEVELOPMENT_TEAM = RWQ3HXY7KM;
				GENERATE_INFOPLIST_FILE = YES;
				MARKETING_VERSION = 1.0;
				PRODUCT_BUNDLE_IDENTIFIER = co.com.Din.TacoPOPUITests;
				PRODUCT_NAME = "$(TARGET_NAME)";
				SWIFT_EMIT_LOC_STRINGS = NO;
				SWIFT_VERSION = 5.0;
				TARGETED_DEVICE_FAMILY = "1,2";
				TEST_TARGET_NAME = TacoPOP;
			};
			name = Debug;
		};
		369D2ADF2846B03300DA7C37 /* Release */ = {
			isa = XCBuildConfiguration;
			buildSettings = {
				ALWAYS_EMBED_SWIFT_STANDARD_LIBRARIES = YES;
				CODE_SIGN_STYLE = Automatic;
				CURRENT_PROJECT_VERSION = 1;
				DEVELOPMENT_TEAM = RWQ3HXY7KM;
				GENERATE_INFOPLIST_FILE = YES;
				MARKETING_VERSION = 1.0;
				PRODUCT_BUNDLE_IDENTIFIER = co.com.Din.TacoPOPUITests;
				PRODUCT_NAME = "$(TARGET_NAME)";
				SWIFT_EMIT_LOC_STRINGS = NO;
				SWIFT_VERSION = 5.0;
				TARGETED_DEVICE_FAMILY = "1,2";
				TEST_TARGET_NAME = TacoPOP;
			};
			name = Release;
		};
/* End XCBuildConfiguration section */

/* Begin XCConfigurationList section */
		369D2AA82846B03100DA7C37 /* Build configuration list for PBXProject "TacoPOP" */ = {
			isa = XCConfigurationList;
			buildConfigurations = (
				369D2AD52846B03300DA7C37 /* Debug */,
				369D2AD62846B03300DA7C37 /* Release */,
			);
			defaultConfigurationIsVisible = 0;
			defaultConfigurationName = Release;
		};
		369D2AD72846B03300DA7C37 /* Build configuration list for PBXNativeTarget "TacoPOP" */ = {
			isa = XCConfigurationList;
			buildConfigurations = (
				369D2AD82846B03300DA7C37 /* Debug */,
				369D2AD92846B03300DA7C37 /* Release */,
			);
			defaultConfigurationIsVisible = 0;
			defaultConfigurationName = Release;
		};
		369D2ADA2846B03300DA7C37 /* Build configuration list for PBXNativeTarget "TacoPOPTests" */ = {
			isa = XCConfigurationList;
			buildConfigurations = (
				369D2ADB2846B03300DA7C37 /* Debug */,
				369D2ADC2846B03300DA7C37 /* Release */,
			);
			defaultConfigurationIsVisible = 0;
			defaultConfigurationName = Release;
		};
		369D2ADD2846B03300DA7C37 /* Build configuration list for PBXNativeTarget "TacoPOPUITests" */ = {
			isa = XCConfigurationList;
			buildConfigurations = (
				369D2ADE2846B03300DA7C37 /* Debug */,
				369D2ADF2846B03300DA7C37 /* Release */,
			);
			defaultConfigurationIsVisible = 0;
			defaultConfigurationName = Release;
		};
/* End XCConfigurationList section */
	};
	rootObject = 369D2AA52846B03100DA7C37 /* Project object */;
}
