// !$*UTF8*$!
{
	archiveVersion = 1;
	classes = {
	};
	objectVersion = 55;
	objects = {

/* Begin PBXBuildFile section */
		366C6E072826DEC7006059F8 /* AppDelegate.swift in Sources */ = {isa = PBXBuildFile; fileRef = 366C6E062826DEC7006059F8 /* AppDelegate.swift */; };
		366C6E092826DEC7006059F8 /* SceneDelegate.swift in Sources */ = {isa = PBXBuildFile; fileRef = 366C6E082826DEC7006059F8 /* SceneDelegate.swift */; };
		366C6E0B2826DEC7006059F8 /* MainVC.swift in Sources */ = {isa = PBXBuildFile; fileRef = 366C6E0A2826DEC7006059F8 /* MainVC.swift */; };
		366C6E0E2826DEC7006059F8 /* Main.storyboard in Resources */ = {isa = PBXBuildFile; fileRef = 366C6E0C2826DEC7006059F8 /* Main.storyboard */; };
		366C6E102826DEC9006059F8 /* Assets.xcassets in Resources */ = {isa = PBXBuildFile; fileRef = 366C6E0F2826DEC9006059F8 /* Assets.xcassets */; };
		366C6E132826DEC9006059F8 /* LaunchScreen.storyboard in Resources */ = {isa = PBXBuildFile; fileRef = 366C6E112826DEC9006059F8 /* LaunchScreen.storyboard */; };
		366C6E1F2826E8B5006059F8 /* still time.ttf in Resources */ = {isa = PBXBuildFile; fileRef = 366C6E1E2826E8B5006059F8 /* still time.ttf */; };
		366C6E212826EA8F006059F8 /* VideoVC.swift in Sources */ = {isa = PBXBuildFile; fileRef = 366C6E202826EA8F006059F8 /* VideoVC.swift */; };
		366C6E252826FA95006059F8 /* PartyCell.swift in Sources */ = {isa = PBXBuildFile; fileRef = 366C6E242826FA95006059F8 /* PartyCell.swift */; };
		366C6E272826FCD0006059F8 /* PartyRock.swift in Sources */ = {isa = PBXBuildFile; fileRef = 366C6E262826FCD0006059F8 /* PartyRock.swift */; };
/* End PBXBuildFile section */

/* Begin PBXFileReference section */
		366C6E032826DEC7006059F8 /* PartyRockApp.app */ = {isa = PBXFileReference; explicitFileType = wrapper.application; includeInIndex = 0; path = PartyRockApp.app; sourceTree = BUILT_PRODUCTS_DIR; };
		366C6E062826DEC7006059F8 /* AppDelegate.swift */ = {isa = PBXFileReference; lastKnownFileType = sourcecode.swift; path = AppDelegate.swift; sourceTree = "<group>"; };
		366C6E082826DEC7006059F8 /* SceneDelegate.swift */ = {isa = PBXFileReference; lastKnownFileType = sourcecode.swift; path = SceneDelegate.swift; sourceTree = "<group>"; };
		366C6E0A2826DEC7006059F8 /* MainVC.swift */ = {isa = PBXFileReference; lastKnownFileType = sourcecode.swift; path = MainVC.swift; sourceTree = "<group>"; };
		366C6E0D2826DEC7006059F8 /* Base */ = {isa = PBXFileReference; lastKnownFileType = file.storyboard; name = Base; path = Base.lproj/Main.storyboard; sourceTree = "<group>"; };
		366C6E0F2826DEC9006059F8 /* Assets.xcassets */ = {isa = PBXFileReference; lastKnownFileType = folder.assetcatalog; path = Assets.xcassets; sourceTree = "<group>"; };
		366C6E122826DEC9006059F8 /* Base */ = {isa = PBXFileReference; lastKnownFileType = file.storyboard; name = Base; path = Base.lproj/LaunchScreen.storyboard; sourceTree = "<group>"; };
		366C6E142826DEC9006059F8 /* Info.plist */ = {isa = PBXFileReference; lastKnownFileType = text.plist.xml; path = Info.plist; sourceTree = "<group>"; };
		366C6E1E2826E8B5006059F8 /* still time.ttf */ = {isa = PBXFileReference; lastKnownFileType = file; path = "still time.ttf"; sourceTree = "<group>"; };
		366C6E202826EA8F006059F8 /* VideoVC.swift */ = {isa = PBXFileReference; lastKnownFileType = sourcecode.swift; path = VideoVC.swift; sourceTree = "<group>"; };
		366C6E242826FA95006059F8 /* PartyCell.swift */ = {isa = PBXFileReference; lastKnownFileType = sourcecode.swift; path = PartyCell.swift; sourceTree = "<group>"; };
		366C6E262826FCD0006059F8 /* PartyRock.swift */ = {isa = PBXFileReference; lastKnownFileType = sourcecode.swift; path = PartyRock.swift; sourceTree = "<group>"; };
/* End PBXFileReference section */

/* Begin PBXFrameworksBuildPhase section */
		366C6E002826DEC7006059F8 /* Frameworks */ = {
			isa = PBXFrameworksBuildPhase;
			buildActionMask = 2147483647;
			files = (
			);
			runOnlyForDeploymentPostprocessing = 0;
		};
/* End PBXFrameworksBuildPhase section */

/* Begin PBXGroup section */
		366C6DFA2826DEC7006059F8 = {
			isa = PBXGroup;
			children = (
				366C6E052826DEC7006059F8 /* PartyRockApp */,
				366C6E042826DEC7006059F8 /* Products */,
			);
			sourceTree = "<group>";
		};
		366C6E042826DEC7006059F8 /* Products */ = {
			isa = PBXGroup;
			children = (
				366C6E032826DEC7006059F8 /* PartyRockApp.app */,
			);
			name = Products;
			sourceTree = "<group>";
		};
		366C6E052826DEC7006059F8 /* PartyRockApp */ = {
			isa = PBXGroup;
			children = (
				366C6E1D2826E8A0006059F8 /* Files */,
				366C6E1C2826DF9A006059F8 /* Model */,
				366C6E1B2826DF8C006059F8 /* View */,
				366C6E1A2826DF65006059F8 /* Controller */,
				366C6E062826DEC7006059F8 /* AppDelegate.swift */,
				366C6E082826DEC7006059F8 /* SceneDelegate.swift */,
				366C6E0C2826DEC7006059F8 /* Main.storyboard */,
				366C6E0F2826DEC9006059F8 /* Assets.xcassets */,
				366C6E112826DEC9006059F8 /* LaunchScreen.storyboard */,
				366C6E142826DEC9006059F8 /* Info.plist */,
			);
			path = PartyRockApp;
			sourceTree = "<group>";
		};
		366C6E1A2826DF65006059F8 /* Controller */ = {
			isa = PBXGroup;
			children = (
				366C6E0A2826DEC7006059F8 /* MainVC.swift */,
				366C6E202826EA8F006059F8 /* VideoVC.swift */,
			);
			path = Controller;
			sourceTree = "<group>";
		};
		366C6E1B2826DF8C006059F8 /* View */ = {
			isa = PBXGroup;
			children = (
				366C6E242826FA95006059F8 /* PartyCell.swift */,
			);
			path = View;
			sourceTree = "<group>";
		};
		366C6E1C2826DF9A006059F8 /* Model */ = {
			isa = PBXGroup;
			children = (
				366C6E262826FCD0006059F8 /* PartyRock.swift */,
			);
			path = Model;
			sourceTree = "<group>";
		};
		366C6E1D2826E8A0006059F8 /* Files */ = {
			isa = PBXGroup;
			children = (
				366C6E1E2826E8B5006059F8 /* still time.ttf */,
			);
			path = Files;
			sourceTree = "<group>";
		};
/* End PBXGroup section */

/* Begin PBXNativeTarget section */
		366C6E022826DEC7006059F8 /* PartyRockApp */ = {
			isa = PBXNativeTarget;
			buildConfigurationList = 366C6E172826DEC9006059F8 /* Build configuration list for PBXNativeTarget "PartyRockApp" */;
			buildPhases = (
				366C6DFF2826DEC7006059F8 /* Sources */,
				366C6E002826DEC7006059F8 /* Frameworks */,
				366C6E012826DEC7006059F8 /* Resources */,
			);
			buildRules = (
			);
			dependencies = (
			);
			name = PartyRockApp;
			productName = PartyRockApp;
			productReference = 366C6E032826DEC7006059F8 /* PartyRockApp.app */;
			productType = "com.apple.product-type.application";
		};
/* End PBXNativeTarget section */

/* Begin PBXProject section */
		366C6DFB2826DEC7006059F8 /* Project object */ = {
			isa = PBXProject;
			attributes = {
				BuildIndependentTargetsInParallel = 1;
				LastSwiftUpdateCheck = 1320;
				LastUpgradeCheck = 1320;
				TargetAttributes = {
					366C6E022826DEC7006059F8 = {
						CreatedOnToolsVersion = 13.2.1;
					};
				};
			};
			buildConfigurationList = 366C6DFE2826DEC7006059F8 /* Build configuration list for PBXProject "PartyRockApp" */;
			compatibilityVersion = "Xcode 13.0";
			developmentRegion = en;
			hasScannedForEncodings = 0;
			knownRegions = (
				en,
				Base,
			);
			mainGroup = 366C6DFA2826DEC7006059F8;
			productRefGroup = 366C6E042826DEC7006059F8 /* Products */;
			projectDirPath = "";
			projectRoot = "";
			targets = (
				366C6E022826DEC7006059F8 /* PartyRockApp */,
			);
		};
/* End PBXProject section */

/* Begin PBXResourcesBuildPhase section */
		366C6E012826DEC7006059F8 /* Resources */ = {
			isa = PBXResourcesBuildPhase;
			buildActionMask = 2147483647;
			files = (
				366C6E132826DEC9006059F8 /* LaunchScreen.storyboard in Resources */,
				366C6E1F2826E8B5006059F8 /* still time.ttf in Resources */,
				366C6E102826DEC9006059F8 /* Assets.xcassets in Resources */,
				366C6E0E2826DEC7006059F8 /* Main.storyboard in Resources */,
			);
			runOnlyForDeploymentPostprocessing = 0;
		};
/* End PBXResourcesBuildPhase section */

/* Begin PBXSourcesBuildPhase section */
		366C6DFF2826DEC7006059F8 /* Sources */ = {
			isa = PBXSourcesBuildPhase;
			buildActionMask = 2147483647;
			files = (
				366C6E212826EA8F006059F8 /* VideoVC.swift in Sources */,
				366C6E272826FCD0006059F8 /* PartyRock.swift in Sources */,
				366C6E252826FA95006059F8 /* PartyCell.swift in Sources */,
				366C6E0B2826DEC7006059F8 /* MainVC.swift in Sources */,
				366C6E072826DEC7006059F8 /* AppDelegate.swift in Sources */,
				366C6E092826DEC7006059F8 /* SceneDelegate.swift in Sources */,
			);
			runOnlyForDeploymentPostprocessing = 0;
		};
/* End PBXSourcesBuildPhase section */

/* Begin PBXVariantGroup section */
		366C6E0C2826DEC7006059F8 /* Main.storyboard */ = {
			isa = PBXVariantGroup;
			children = (
				366C6E0D2826DEC7006059F8 /* Base */,
			);
			name = Main.storyboard;
			sourceTree = "<group>";
		};
		366C6E112826DEC9006059F8 /* LaunchScreen.storyboard */ = {
			isa = PBXVariantGroup;
			children = (
				366C6E122826DEC9006059F8 /* Base */,
			);
			name = LaunchScreen.storyboard;
			sourceTree = "<group>";
		};
/* End PBXVariantGroup section */

/* Begin XCBuildConfiguration section */
		366C6E152826DEC9006059F8 /* Debug */ = {
			isa = XCBuildConfiguration;
			buildSettings = {
				ALWAYS_SEARCH_USER_PATHS = NO;
				CLANG_ANALYZER_NONNULL = YES;
				CLANG_ANALYZER_NUMBER_OBJECT_CONVERSION = YES_AGGRESSIVE;
				CLANG_CXX_LANGUAGE_STANDARD = "gnu++17";
				CLANG_CXX_LIBRARY = "libc++";
				CLANG_ENABLE_MODULES = YES;
				CLANG_ENABLE_OBJC_ARC = YES;
				CLANG_ENABLE_OBJC_WEAK = YES;
				CLANG_WARN_BLOCK_CAPTURE_AUTORELEASING = YES;
				CLANG_WARN_BOOL_CONVERSION = YES;
				CLANG_WARN_COMMA = YES;
				CLANG_WARN_CONSTANT_CONVERSION = YES;
				CLANG_WARN_DEPRECATED_OBJC_IMPLEMENTATIONS = YES;
				CLANG_WARN_DIRECT_OBJC_ISA_USAGE = YES_ERROR;
				CLANG_WARN_DOCUMENTATION_COMMENTS = YES;
				CLANG_WARN_EMPTY_BODY = YES;
				CLANG_WARN_ENUM_CONVERSION = YES;
				CLANG_WARN_INFINITE_RECURSION = YES;
				CLANG_WARN_INT_CONVERSION = YES;
				CLANG_WARN_NON_LITERAL_NULL_CONVERSION = YES;
				CLANG_WARN_OBJC_IMPLICIT_RETAIN_SELF = YES;
				CLANG_WARN_OBJC_LITERAL_CONVERSION = YES;
				CLANG_WARN_OBJC_ROOT_CLASS = YES_ERROR;
				CLANG_WARN_QUOTED_INCLUDE_IN_FRAMEWORK_HEADER = YES;
				CLANG_WARN_RANGE_LOOP_ANALYSIS = YES;
				CLANG_WARN_STRICT_PROTOTYPES = YES;
				CLANG_WARN_SUSPICIOUS_MOVE = YES;
				CLANG_WARN_UNGUARDED_AVAILABILITY = YES_AGGRESSIVE;
				CLANG_WARN_UNREACHABLE_CODE = YES;
				CLANG_WARN__DUPLICATE_METHOD_MATCH = YES;
				COPY_PHASE_STRIP = NO;
				DEBUG_INFORMATION_FORMAT = dwarf;
				ENABLE_STRICT_OBJC_MSGSEND = YES;
				ENABLE_TESTABILITY = YES;
				GCC_C_LANGUAGE_STANDARD = gnu11;
				GCC_DYNAMIC_NO_PIC = NO;
				GCC_NO_COMMON_BLOCKS = YES;
				GCC_OPTIMIZATION_LEVEL = 0;
				GCC_PREPROCESSOR_DEFINITIONS = (
					"DEBUG=1",
					"$(inherited)",
				);
				GCC_WARN_64_TO_32_BIT_CONVERSION = YES;
				GCC_WARN_ABOUT_RETURN_TYPE = YES_ERROR;
				GCC_WARN_UNDECLARED_SELECTOR = YES;
				GCC_WARN_UNINITIALIZED_AUTOS = YES_AGGRESSIVE;
				GCC_WARN_UNUSED_FUNCTION = YES;
				GCC_WARN_UNUSED_VARIABLE = YES;
				IPHONEOS_DEPLOYMENT_TARGET = 15.2;
				MTL_ENABLE_DEBUG_INFO = INCLUDE_SOURCE;
				MTL_FAST_MATH = YES;
				ONLY_ACTIVE_ARCH = YES;
				SDKROOT = iphoneos;
				SWIFT_ACTIVE_COMPILATION_CONDITIONS = DEBUG;
				SWIFT_OPTIMIZATION_LEVEL = "-Onone";
			};
			name = Debug;
		};
		366C6E162826DEC9006059F8 /* Release */ = {
			isa = XCBuildConfiguration;
			buildSettings = {
				ALWAYS_SEARCH_USER_PATHS = NO;
				CLANG_ANALYZER_NONNULL = YES;
				CLANG_ANALYZER_NUMBER_OBJECT_CONVERSION = YES_AGGRESSIVE;
				CLANG_CXX_LANGUAGE_STANDARD = "gnu++17";
				CLANG_CXX_LIBRARY = "libc++";
				CLANG_ENABLE_MODULES = YES;
				CLANG_ENABLE_OBJC_ARC = YES;
				CLANG_ENABLE_OBJC_WEAK = YES;
				CLANG_WARN_BLOCK_CAPTURE_AUTORELEASING = YES;
				CLANG_WARN_BOOL_CONVERSION = YES;
				CLANG_WARN_COMMA = YES;
				CLANG_WARN_CONSTANT_CONVERSION = YES;
				CLANG_WARN_DEPRECATED_OBJC_IMPLEMENTATIONS = YES;
				CLANG_WARN_DIRECT_OBJC_ISA_USAGE = YES_ERROR;
				CLANG_WARN_DOCUMENTATION_COMMENTS = YES;
				CLANG_WARN_EMPTY_BODY = YES;
				CLANG_WARN_ENUM_CONVERSION = YES;
				CLANG_WARN_INFINITE_RECURSION = YES;
				CLANG_WARN_INT_CONVERSION = YES;
				CLANG_WARN_NON_LITERAL_NULL_CONVERSION = YES;
				CLANG_WARN_OBJC_IMPLICIT_RETAIN_SELF = YES;
				CLANG_WARN_OBJC_LITERAL_CONVERSION = YES;
				CLANG_WARN_OBJC_ROOT_CLASS = YES_ERROR;
				CLANG_WARN_QUOTED_INCLUDE_IN_FRAMEWORK_HEADER = YES;
				CLANG_WARN_RANGE_LOOP_ANALYSIS = YES;
				CLANG_WARN_STRICT_PROTOTYPES = YES;
				CLANG_WARN_SUSPICIOUS_MOVE = YES;
				CLANG_WARN_UNGUARDED_AVAILABILITY = YES_AGGRESSIVE;
				CLANG_WARN_UNREACHABLE_CODE = YES;
				CLANG_WARN__DUPLICATE_METHOD_MATCH = YES;
				COPY_PHASE_STRIP = NO;
				DEBUG_INFORMATION_FORMAT = "dwarf-with-dsym";
				ENABLE_NS_ASSERTIONS = NO;
				ENABLE_STRICT_OBJC_MSGSEND = YES;
				GCC_C_LANGUAGE_STANDARD = gnu11;
				GCC_NO_COMMON_BLOCKS = YES;
				GCC_WARN_64_TO_32_BIT_CONVERSION = YES;
				GCC_WARN_ABOUT_RETURN_TYPE = YES_ERROR;
				GCC_WARN_UNDECLARED_SELECTOR = YES;
				GCC_WARN_UNINITIALIZED_AUTOS = YES_AGGRESSIVE;
				GCC_WARN_UNUSED_FUNCTION = YES;
				GCC_WARN_UNUSED_VARIABLE = YES;
				IPHONEOS_DEPLOYMENT_TARGET = 15.2;
				MTL_ENABLE_DEBUG_INFO = NO;
				MTL_FAST_MATH = YES;
				SDKROOT = iphoneos;
				SWIFT_COMPILATION_MODE = wholemodule;
				SWIFT_OPTIMIZATION_LEVEL = "-O";
				VALIDATE_PRODUCT = YES;
			};
			name = Release;
		};
		366C6E182826DEC9006059F8 /* Debug */ = {
			isa = XCBuildConfiguration;
			buildSettings = {
				ASSETCATALOG_COMPILER_APPICON_NAME = AppIcon;
				ASSETCATALOG_COMPILER_GLOBAL_ACCENT_COLOR_NAME = AccentColor;
				CODE_SIGN_STYLE = Automatic;
				CURRENT_PROJECT_VERSION = 1;
				DEVELOPMENT_TEAM = RWQ3HXY7KM;
				GENERATE_INFOPLIST_FILE = YES;
				INFOPLIST_FILE = PartyRockApp/Info.plist;
				INFOPLIST_KEY_UIApplicationSupportsIndirectInputEvents = YES;
				INFOPLIST_KEY_UILaunchStoryboardName = LaunchScreen;
				INFOPLIST_KEY_UIMainStoryboardFile = Main;
				INFOPLIST_KEY_UISupportedInterfaceOrientations_iPad = "UIInterfaceOrientationPortrait UIInterfaceOrientationPortraitUpsideDown UIInterfaceOrientationLandscapeLeft UIInterfaceOrientationLandscapeRight";
				INFOPLIST_KEY_UISupportedInterfaceOrientations_iPhone = "UIInterfaceOrientationPortrait UIInterfaceOrientationLandscapeLeft UIInterfaceOrientationLandscapeRight";
				LD_RUNPATH_SEARCH_PATHS = (
					"$(inherited)",
					"@executable_path/Frameworks",
				);
				MARKETING_VERSION = 1.0;
				PRODUCT_BUNDLE_IDENTIFIER = co.com.Din.PartyRockApp;
				PRODUCT_NAME = "$(TARGET_NAME)";
				SWIFT_EMIT_LOC_STRINGS = YES;
				SWIFT_VERSION = 5.0;
				TARGETED_DEVICE_FAMILY = "1,2";
			};
			name = Debug;
		};
		366C6E192826DEC9006059F8 /* Release */ = {
			isa = XCBuildConfiguration;
			buildSettings = {
				ASSETCATALOG_COMPILER_APPICON_NAME = AppIcon;
				ASSETCATALOG_COMPILER_GLOBAL_ACCENT_COLOR_NAME = AccentColor;
				CODE_SIGN_STYLE = Automatic;
				CURRENT_PROJECT_VERSION = 1;
				DEVELOPMENT_TEAM = RWQ3HXY7KM;
				GENERATE_INFOPLIST_FILE = YES;
				INFOPLIST_FILE = PartyRockApp/Info.plist;
				INFOPLIST_KEY_UIApplicationSupportsIndirectInputEvents = YES;
				INFOPLIST_KEY_UILaunchStoryboardName = LaunchScreen;
				INFOPLIST_KEY_UIMainStoryboardFile = Main;
				INFOPLIST_KEY_UISupportedInterfaceOrientations_iPad = "UIInterfaceOrientationPortrait UIInterfaceOrientationPortraitUpsideDown UIInterfaceOrientationLandscapeLeft UIInterfaceOrientationLandscapeRight";
				INFOPLIST_KEY_UISupportedInterfaceOrientations_iPhone = "UIInterfaceOrientationPortrait UIInterfaceOrientationLandscapeLeft UIInterfaceOrientationLandscapeRight";
				LD_RUNPATH_SEARCH_PATHS = (
					"$(inherited)",
					"@executable_path/Frameworks",
				);
				MARKETING_VERSION = 1.0;
				PRODUCT_BUNDLE_IDENTIFIER = co.com.Din.PartyRockApp;
				PRODUCT_NAME = "$(TARGET_NAME)";
				SWIFT_EMIT_LOC_STRINGS = YES;
				SWIFT_VERSION = 5.0;
				TARGETED_DEVICE_FAMILY = "1,2";
			};
			name = Release;
		};
/* End XCBuildConfiguration section */

/* Begin XCConfigurationList section */
		366C6DFE2826DEC7006059F8 /* Build configuration list for PBXProject "PartyRockApp" */ = {
			isa = XCConfigurationList;
			buildConfigurations = (
				366C6E152826DEC9006059F8 /* Debug */,
				366C6E162826DEC9006059F8 /* Release */,
			);
			defaultConfigurationIsVisible = 0;
			defaultConfigurationName = Release;
		};
		366C6E172826DEC9006059F8 /* Build configuration list for PBXNativeTarget "PartyRockApp" */ = {
			isa = XCConfigurationList;
			buildConfigurations = (
				366C6E182826DEC9006059F8 /* Debug */,
				366C6E192826DEC9006059F8 /* Release */,
			);
			defaultConfigurationIsVisible = 0;
			defaultConfigurationName = Release;
		};
/* End XCConfigurationList section */
	};
	rootObject = 366C6DFB2826DEC7006059F8 /* Project object */;
}
