PODS:
  - Alamofire (5.6.1)

DEPENDENCIES:
  - Alamofire (from `https://github.com/Alamofire/Alamofire.git`)

EXTERNAL SOURCES:
  Alamofire:
    :git: https://github.com/Alamofire/Alamofire.git

CHECKOUT OPTIONS:
  Alamofire:
    :commit: 53a24e871675e389c0d18bdd29e4944ef25f0654
    :git: https://github.com/Alamofire/Alamofire.git

SPEC CHECKSUMS:
  Alamofire: 87bd8c952f9a4454320fce00d9cc3de57bcadaf5

PODFILE CHECKSUM: 616547b485939dbf3a0aba92855e3bea3cb1b6d1

COCOAPODS: 1.11.3
