PODS:
  - Alamofire (5.6.1)

DEPENDENCIES:
  - Alamofire (from `https://github.com/Alamofire/Alamofire.git`)

EXTERNAL SOURCES:
  Alamofire:
    :git: https://github.com/Alamofire/Alamofire.git

CHECKOUT OPTIONS:
  Alamofire:
    :commit: bbac4d93605034b1dcfb1fcb32bd8d8e38751783
    :git: https://github.com/Alamofire/Alamofire.git

SPEC CHECKSUMS:
  Alamofire: 87bd8c952f9a4454320fce00d9cc3de57bcadaf5

PODFILE CHECKSUM: 8a8b9d91ebc5db2c3e3fb9bc1e089ad981b507f2

COCOAPODS: 1.11.3
